
Microsoft Visual Studio Solution File, Format Version 12.00
# Visual Studio 14
VisualStudioVersion = 14.0.24720.0
MinimumVisualStudioVersion = 10.0.40219.1
Project("{FAE04EC0-301F-11D3-BF4B-00C04F79EFBC}") = "OrderSystem", "OrderSystem.csproj", "{537EA464-1395-44C0-974C-CA6F4888603D}"
EndProject
Project("{FAE04EC0-301F-11D3-BF4B-00C04F79EFBC}") = "OrderSystemTests", "OrderSystemTests1\OrderSystemTests.csproj", "{35A86E4A-CB49-4927-AECE-E5C43C7173E9}"
EndProject
Project("{E24C65DC-7377-472B-9ABA-BC803B73C61A}") = "Website", "..\Website\", "{1BBD5B0A-2417-4A37-8BAA-B47ABFE6A296}"
	ProjectSection(WebsiteProperties) = preProject
		TargetFrameworkMoniker = ".NETFramework,Version%3Dv4.5.2"
		Debug.AspNetCompiler.VirtualPath = "/localhost_8626"
		Debug.AspNetCompiler.PhysicalPath = "..\Website\"
		Debug.AspNetCompiler.TargetPath = "PrecompiledWeb\localhost_8626\"
		Debug.AspNetCompiler.Updateable = "true"
		Debug.AspNetCompiler.ForceOverwrite = "true"
		Debug.AspNetCompiler.FixedNames = "false"
		Debug.AspNetCompiler.Debug = "True"
		Release.AspNetCompiler.VirtualPath = "/localhost_8626"
		Release.AspNetCompiler.PhysicalPath = "..\Website\"
		Release.AspNetCompiler.TargetPath = "PrecompiledWeb\localhost_8626\"
		Release.AspNetCompiler.Updateable = "true"
		Release.AspNetCompiler.ForceOverwrite = "true"
		Release.AspNetCompiler.FixedNames = "false"
		Release.AspNetCompiler.Debug = "False"
		VWDPort = "8626"
		SlnRelativePath = "..\Website\"
		DefaultWebSiteLanguage = "Visual C#"
	EndProjectSection
EndProject
Project("{FAE04EC0-301F-11D3-BF4B-00C04F79EFBC}") = "OrderSystemLibrary", "OrderSystemLibrary\OrderSystemLibrary.csproj", "{7A076920-FD1D-44E4-A588-FAD6FB40F1B8}"
EndProject
Global
	GlobalSection(SolutionConfigurationPlatforms) = preSolution
		Debug|Any CPU = Debug|Any CPU
		Release|Any CPU = Release|Any CPU
	EndGlobalSection
	GlobalSection(ProjectConfigurationPlatforms) = postSolution
		{537EA464-1395-44C0-974C-CA6F4888603D}.Debug|Any CPU.ActiveCfg = Debug|Any CPU
		{537EA464-1395-44C0-974C-CA6F4888603D}.Debug|Any CPU.Build.0 = Debug|Any CPU
		{537EA464-1395-44C0-974C-CA6F4888603D}.Release|Any CPU.ActiveCfg = Release|Any CPU
		{537EA464-1395-44C0-974C-CA6F4888603D}.Release|Any CPU.Build.0 = Release|Any CPU
		{35A86E4A-CB49-4927-AECE-E5C43C7173E9}.Debug|Any CPU.ActiveCfg = Debug|Any CPU
		{35A86E4A-CB49-4927-AECE-E5C43C7173E9}.Debug|Any CPU.Build.0 = Debug|Any CPU
		{35A86E4A-CB49-4927-AECE-E5C43C7173E9}.Release|Any CPU.ActiveCfg = Release|Any CPU
		{35A86E4A-CB49-4927-AECE-E5C43C7173E9}.Release|Any CPU.Build.0 = Release|Any CPU
		{1BBD5B0A-2417-4A37-8BAA-B47ABFE6A296}.Debug|Any CPU.ActiveCfg = Debug|Any CPU
		{1BBD5B0A-2417-4A37-8BAA-B47ABFE6A296}.Debug|Any CPU.Build.0 = Debug|Any CPU
		{1BBD5B0A-2417-4A37-8BAA-B47ABFE6A296}.Release|Any CPU.ActiveCfg = Debug|Any CPU
		{1BBD5B0A-2417-4A37-8BAA-B47ABFE6A296}.Release|Any CPU.Build.0 = Debug|Any CPU
		{7A076920-FD1D-44E4-A588-FAD6FB40F1B8}.Debug|Any CPU.ActiveCfg = Debug|Any CPU
		{7A076920-FD1D-44E4-A588-FAD6FB40F1B8}.Debug|Any CPU.Build.0 = Debug|Any CPU
		{7A076920-FD1D-44E4-A588-FAD6FB40F1B8}.Release|Any CPU.ActiveCfg = Release|Any CPU
		{7A076920-FD1D-44E4-A588-FAD6FB40F1B8}.Release|Any CPU.Build.0 = Release|Any CPU
	EndGlobalSection
	GlobalSection(SolutionProperties) = preSolution
		HideSolutionNode = FALSE
	EndGlobalSection
EndGlobal
